
Microsoft Visual Studio Solution File, Format Version 12.00
# Visual Studio Version 17
VisualStudioVersion = 17.6.33723.286
MinimumVisualStudioVersion = 10.0.40219.1
Project("{8BC9CEB8-8B4A-11D0-8D11-00A0C91BC942}") = "Client", "Client\Client.vcxproj", "{E0E8E70F-3A70-4566-9992-5702D48457FE}"
EndProject
Global
	GlobalSection(SolutionConfigurationPlatforms) = preSolution
		Debug|Win32 = Debug|Win32
		Debug|x64 = Debug|x64
		Debug|x86 = Debug|x86
		Release|Win32 = Release|Win32
		Release|x64 = Release|x64
		Release|x86 = Release|x86
	EndGlobalSection
	GlobalSection(ProjectConfigurationPlatforms) = postSolution
		{E0E8E70F-3A70-4566-9992-5702D48457FE}.Debug|Win32.ActiveCfg = Debug|Win32
		{E0E8E70F-3A70-4566-9992-5702D48457FE}.Debug|Win32.Build.0 = Debug|Win32
		{E0E8E70F-3A70-4566-9992-5702D48457FE}.Debug|x64.ActiveCfg = Debug|x64
		{E0E8E70F-3A70-4566-9992-5702D48457FE}.Debug|x64.Build.0 = Debug|x64
		{E0E8E70F-3A70-4566-9992-5702D48457FE}.Debug|x86.ActiveCfg = Debug|Win32
		{E0E8E70F-3A70-4566-9992-5702D48457FE}.Debug|x86.Build.0 = Debug|Win32
		{E0E8E70F-3A70-4566-9992-5702D48457FE}.Release|Win32.ActiveCfg = Release|Win32
		{E0E8E70F-3A70-4566-9992-5702D48457FE}.Release|Win32.Build.0 = Release|Win32
		{E0E8E70F-3A70-4566-9992-5702D48457FE}.Release|x64.ActiveCfg = Release|x64
		{E0E8E70F-3A70-4566-9992-5702D48457FE}.Release|x64.Build.0 = Release|x64
		{E0E8E70F-3A70-4566-9992-5702D48457FE}.Release|x86.ActiveCfg = Release|Win32
		{E0E8E70F-3A70-4566-9992-5702D48457FE}.Release|x86.Build.0 = Release|Win32
	EndGlobalSection
	GlobalSection(SolutionProperties) = preSolution
		HideSolutionNode = FALSE
	EndGlobalSection
	GlobalSection(ExtensibilityGlobals) = postSolution
		SolutionGuid = {06C8015A-7273-4FB5-8C02-2B61C994447A}
	EndGlobalSection
EndGlobal
